// !$*UTF8*$!
{
	archiveVersion = 1;
	classes = {
	};
	objectVersion = 77;
	objects = {

/* Begin PBXBuildFile section */
		2D0A09B2DECC5CEE05BE564A /* HelperListenerDelegate.swift in Sources */ = {isa = PBXBuildFile; fileRef = 86D564549D65B3EC84798D9F /* HelperListenerDelegate.swift */; };
		50A1F20DF87D12D3DF8F7DF5 /* HelperService.swift in Sources */ = {isa = PBXBuildFile; fileRef = BEA85A6094291A6BEC3B68F5 /* HelperService.swift */; };
		5368CFB286758549978735D8 /* io.getpurge.helper.plist in Copy LaunchDaemon plist */ = {isa = PBXBuildFile; fileRef = D4EC98BBF7E30D5C32FFB67D /* io.getpurge.helper.plist */; };
		5AB9306A2FAF6F5400EB0EBD /* purge.icon in Resources */ = {isa = PBXBuildFile; fileRef = 5AB930692FAF6F5400EB0EBD /* purge.icon */; };
		5AD314EE2FFB1DB500AEB32F /* Sparkle in Frameworks */ = {isa = PBXBuildFile; productRef = 5AD314ED2FFB1DB500AEB32F /* Sparkle */; };
		7F6476365B8C1DBD1473E899 /* main.swift in Sources */ = {isa = PBXBuildFile; fileRef = 818D84C8D5D21B95ABA44BDA /* main.swift */; };
		82ABE8E4B27CCE67F4AF5EA2 /* PurgeHelperProtocol.swift in Sources */ = {isa = PBXBuildFile; fileRef = D7C4796D7FF373363BCFFB9D /* PurgeHelperProtocol.swift */; };
		D4437D8BF273B9C7C9FC5A96 /* io.getpurge.helper in Embed Privileged Helper */ = {isa = PBXBuildFile; fileRef = 23866D74E1EC150691D3E969 /* io.getpurge.helper */; settings = {ATTRIBUTES = (CodeSignOnCopy, ); }; };
		ED195DD5938B9599AB353C08 /* Cocoa.framework in Frameworks */ = {isa = PBXBuildFile; fileRef = 49C4D8E8868801EE41EAE019 /* Cocoa.framework */; };
/* End PBXBuildFile section */

/* Begin PBXContainerItemProxy section */
		5AF381062FAA15E4001693A0 /* PBXContainerItemProxy */ = {
			isa = PBXContainerItemProxy;
			containerPortal = 5AF3803D2FAA15E4001693A0 /* Project object */;
			proxyType = 1;
			remoteGlobalIDString = 5AF380442FAA15E4001693A0;
			remoteInfo = purge;
		};
		BEC6A906754B93D2333C86AB /* PBXContainerItemProxy */ = {
			isa = PBXContainerItemProxy;
			containerPortal = 5AF3803D2FAA15E4001693A0 /* Project object */;
			proxyType = 1;
			remoteGlobalIDString = 6647C3899C82D58912C86622;
			remoteInfo = PurgeHelper;
		};
/* End PBXContainerItemProxy section */

/* Begin PBXCopyFilesBuildPhase section */
		879A1E77CFB2010244199960 /* Embed Privileged Helper */ = {
			isa = PBXCopyFilesBuildPhase;
			buildActionMask = 2147483647;
			dstPath = "";
			dstSubfolderSpec = 6;
			files = (
				D4437D8BF273B9C7C9FC5A96 /* io.getpurge.helper in Embed Privileged Helper */,
			);
			name = "Embed Privileged Helper";
			runOnlyForDeploymentPostprocessing = 0;
		};
		883FF41E2091C49DC0E8A5F3 /* Copy LaunchDaemon plist */ = {
			isa = PBXCopyFilesBuildPhase;
			buildActionMask = 2147483647;
			dstPath = Contents/Library/LaunchDaemons;
			dstSubfolderSpec = 1;
			files = (
				5368CFB286758549978735D8 /* io.getpurge.helper.plist in Copy LaunchDaemon plist */,
			);
			name = "Copy LaunchDaemon plist";
			runOnlyForDeploymentPostprocessing = 0;
		};
/* End PBXCopyFilesBuildPhase section */

/* Begin PBXFileReference section */
		23866D74E1EC150691D3E969 /* io.getpurge.helper */ = {isa = PBXFileReference; includeInIndex = 0; lastKnownFileType = file; path = io.getpurge.helper; sourceTree = BUILT_PRODUCTS_DIR; };
		49C4D8E8868801EE41EAE019 /* Cocoa.framework */ = {isa = PBXFileReference; lastKnownFileType = wrapper.framework; name = Cocoa.framework; path = System/Library/Frameworks/Cocoa.framework; sourceTree = SDKROOT; };
		5AB930692FAF6F5400EB0EBD /* purge.icon */ = {isa = PBXFileReference; lastKnownFileType = folder.iconcomposer.icon; path = purge.icon; sourceTree = "<group>"; };
		5AF380452FAA15E4001693A0 /* Purge.app */ = {isa = PBXFileReference; explicitFileType = wrapper.application; includeInIndex = 0; path = Purge.app; sourceTree = BUILT_PRODUCTS_DIR; };
		5AF381002FAA15E4001693A0 /* PurgeTests.xctest */ = {isa = PBXFileReference; explicitFileType = wrapper.cfbundle; includeInIndex = 0; path = PurgeTests.xctest; sourceTree = BUILT_PRODUCTS_DIR; };
		818D84C8D5D21B95ABA44BDA /* main.swift */ = {isa = PBXFileReference; includeInIndex = 1; lastKnownFileType = sourcecode.swift; path = main.swift; sourceTree = "<group>"; };
		86D564549D65B3EC84798D9F /* HelperListenerDelegate.swift */ = {isa = PBXFileReference; includeInIndex = 1; lastKnownFileType = sourcecode.swift; path = HelperListenerDelegate.swift; sourceTree = "<group>"; };
		BEA85A6094291A6BEC3B68F5 /* HelperService.swift */ = {isa = PBXFileReference; includeInIndex = 1; lastKnownFileType = sourcecode.swift; path = HelperService.swift; sourceTree = "<group>"; };
		CF5E4BD24C3225025049005F /* Info.plist */ = {isa = PBXFileReference; includeInIndex = 1; lastKnownFileType = text.plist.xml; path = Info.plist; sourceTree = "<group>"; };
		D4EC98BBF7E30D5C32FFB67D /* io.getpurge.helper.plist */ = {isa = PBXFileReference; includeInIndex = 1; lastKnownFileType = text.plist.xml; path = io.getpurge.helper.plist; sourceTree = "<group>"; };
		D7C4796D7FF373363BCFFB9D /* PurgeHelperProtocol.swift */ = {isa = PBXFileReference; includeInIndex = 1; lastKnownFileType = sourcecode.swift; name = PurgeHelperProtocol.swift; path = purge/PrivilegedHelper/PurgeHelperProtocol.swift; sourceTree = "<group>"; };
/* End PBXFileReference section */

/* Begin PBXFileSystemSynchronizedBuildFileExceptionSet section */
		5AD314F02FFB1FF800AEB32F /* Exceptions for "purge" folder in "purge" target */ = {
			isa = PBXFileSystemSynchronizedBuildFileExceptionSet;
			membershipExceptions = (
				Info.plist,
			);
			target = 5AF380442FAA15E4001693A0 /* purge */;
		};
/* End PBXFileSystemSynchronizedBuildFileExceptionSet section */

/* Begin PBXFileSystemSynchronizedRootGroup section */
		5AF380472FAA15E4001693A0 /* purge */ = {
			isa = PBXFileSystemSynchronizedRootGroup;
			exceptions = (
				5AD314F02FFB1FF800AEB32F /* Exceptions for "purge" folder in "purge" target */,
			);
			path = purge;
			sourceTree = "<group>";
		};
		5AF381012FAA15E4001693A0 /* PurgeTests */ = {
			isa = PBXFileSystemSynchronizedRootGroup;
			path = PurgeTests;
			sourceTree = "<group>";
		};
/* End PBXFileSystemSynchronizedRootGroup section */

/* Begin PBXFrameworksBuildPhase section */
		5AF380422FAA15E4001693A0 /* Frameworks */ = {
			isa = PBXFrameworksBuildPhase;
			buildActionMask = 2147483647;
			files = (
				5AD314EE2FFB1DB500AEB32F /* Sparkle in Frameworks */,
			);
			runOnlyForDeploymentPostprocessing = 0;
		};
		5AF381042FAA15E4001693A0 /* Frameworks */ = {
			isa = PBXFrameworksBuildPhase;
			buildActionMask = 2147483647;
			files = (
			);
			runOnlyForDeploymentPostprocessing = 0;
		};
		815C0F9221C21758EEA67915 /* Frameworks */ = {
			isa = PBXFrameworksBuildPhase;
			buildActionMask = 2147483647;
			files = (
				ED195DD5938B9599AB353C08 /* Cocoa.framework in Frameworks */,
			);
			runOnlyForDeploymentPostprocessing = 0;
		};
/* End PBXFrameworksBuildPhase section */

/* Begin PBXGroup section */
		11FB4F1F6508447C0DBD5A1C /* SharedWithHelper */ = {
			isa = PBXGroup;
			children = (
				D7C4796D7FF373363BCFFB9D /* PurgeHelperProtocol.swift */,
			);
			name = SharedWithHelper;
			sourceTree = "<group>";
		};
		31C51A0B3A08A69657620BB4 /* PurgeHelper */ = {
			isa = PBXGroup;
			children = (
				818D84C8D5D21B95ABA44BDA /* main.swift */,
				86D564549D65B3EC84798D9F /* HelperListenerDelegate.swift */,
				BEA85A6094291A6BEC3B68F5 /* HelperService.swift */,
				D4EC98BBF7E30D5C32FFB67D /* io.getpurge.helper.plist */,
				CF5E4BD24C3225025049005F /* Info.plist */,
			);
			path = PurgeHelper;
			sourceTree = "<group>";
		};
		5AF3803C2FAA15E4001693A0 = {
			isa = PBXGroup;
			children = (
				5AB930692FAF6F5400EB0EBD /* purge.icon */,
				5AF380472FAA15E4001693A0 /* purge */,
				5AF381012FAA15E4001693A0 /* PurgeTests */,
				5AF380462FAA15E4001693A0 /* Products */,
				FCDE845D5AB0CCC41298A1BD /* Frameworks */,
				31C51A0B3A08A69657620BB4 /* PurgeHelper */,
				11FB4F1F6508447C0DBD5A1C /* SharedWithHelper */,
			);
			sourceTree = "<group>";
		};
		5AF380462FAA15E4001693A0 /* Products */ = {
			isa = PBXGroup;
			children = (
				5AF380452FAA15E4001693A0 /* Purge.app */,
				5AF381002FAA15E4001693A0 /* PurgeTests.xctest */,
				23866D74E1EC150691D3E969 /* io.getpurge.helper */,
			);
			name = Products;
			sourceTree = "<group>";
		};
		D188643A9C26437F21EF56C8 /* OS X */ = {
			isa = PBXGroup;
			children = (
				49C4D8E8868801EE41EAE019 /* Cocoa.framework */,
			);
			name = "OS X";
			sourceTree = "<group>";
		};
		FCDE845D5AB0CCC41298A1BD /* Frameworks */ = {
			isa = PBXGroup;
			children = (
				D188643A9C26437F21EF56C8 /* OS X */,
			);
			name = Frameworks;
			sourceTree = "<group>";
		};
/* End PBXGroup section */

/* Begin PBXNativeTarget section */
		5AF380442FAA15E4001693A0 /* purge */ = {
			isa = PBXNativeTarget;
			buildConfigurationList = 5AF380502FAA15E6001693A0 /* Build configuration list for PBXNativeTarget "purge" */;
			buildPhases = (
				5AB930702FAF6F5500EB0EBE /* Generate Brand Icons */,
				5AF380412FAA15E4001693A0 /* Sources */,
				5AF380422FAA15E4001693A0 /* Frameworks */,
				5AF380432FAA15E4001693A0 /* Resources */,
				879A1E77CFB2010244199960 /* Embed Privileged Helper */,
				883FF41E2091C49DC0E8A5F3 /* Copy LaunchDaemon plist */,
			);
			buildRules = (
			);
			dependencies = (
				983EE170A01ED85E13C896A9 /* PBXTargetDependency */,
			);
			fileSystemSynchronizedGroups = (
				5AF380472FAA15E4001693A0 /* purge */,
			);
			name = purge;
			packageProductDependencies = (
				5AD314ED2FFB1DB500AEB32F /* Sparkle */,
			);
			productName = Purge;
			productReference = 5AF380452FAA15E4001693A0 /* Purge.app */;
			productType = "com.apple.product-type.application";
		};
		5AF381022FAA15E4001693A0 /* PurgeTests */ = {
			isa = PBXNativeTarget;
			buildConfigurationList = 5AF381092FAA15E6001693A0 /* Build configuration list for PBXNativeTarget "PurgeTests" */;
			buildPhases = (
				5AF381032FAA15E4001693A0 /* Sources */,
				5AF381042FAA15E4001693A0 /* Frameworks */,
			);
			buildRules = (
			);
			dependencies = (
				5AF381052FAA15E4001693A0 /* PBXTargetDependency */,
			);
			fileSystemSynchronizedGroups = (
				5AF381012FAA15E4001693A0 /* PurgeTests */,
			);
			name = PurgeTests;
			productName = PurgeTests;
			productReference = 5AF381002FAA15E4001693A0 /* PurgeTests.xctest */;
			productType = "com.apple.product-type.bundle.unit-test";
		};
		6647C3899C82D58912C86622 /* PurgeHelper */ = {
			isa = PBXNativeTarget;
			buildConfigurationList = 2BFFB10DE3A8216988FD9E1B /* Build configuration list for PBXNativeTarget "PurgeHelper" */;
			buildPhases = (
				A99599464223435BBF6D6F10 /* Sources */,
				815C0F9221C21758EEA67915 /* Frameworks */,
			);
			buildRules = (
			);
			dependencies = (
			);
			name = PurgeHelper;
			productName = io.getpurge.helper;
			productReference = 23866D74E1EC150691D3E969 /* io.getpurge.helper */;
			productType = "com.apple.product-type.tool";
		};
/* End PBXNativeTarget section */

/* Begin PBXProject section */
		5AF3803D2FAA15E4001693A0 /* Project object */ = {
			isa = PBXProject;
			attributes = {
				BuildIndependentTargetsInParallel = 1;
				LastSwiftUpdateCheck = 2620;
				LastUpgradeCheck = 2620;
				TargetAttributes = {
					5AF380442FAA15E4001693A0 = {
						CreatedOnToolsVersion = 26.2;
					};
					5AF381022FAA15E4001693A0 = {
						CreatedOnToolsVersion = 26.2;
						TestTargetID = 5AF380442FAA15E4001693A0;
					};
				};
			};
			buildConfigurationList = 5AF380402FAA15E4001693A0 /* Build configuration list for PBXProject "purge" */;
			developmentRegion = en;
			hasScannedForEncodings = 0;
			knownRegions = (
				en,
				Base,
			);
			mainGroup = 5AF3803C2FAA15E4001693A0;
			minimizedProjectReferenceProxies = 1;
			packageReferences = (
				5AD314EC2FFB1DB500AEB32F /* XCRemoteSwiftPackageReference "Sparkle" */,
			);
			preferredProjectObjectVersion = 77;
			productRefGroup = 5AF380462FAA15E4001693A0 /* Products */;
			projectDirPath = "";
			projectRoot = "";
			targets = (
				5AF380442FAA15E4001693A0 /* purge */,
				5AF381022FAA15E4001693A0 /* PurgeTests */,
				6647C3899C82D58912C86622 /* PurgeHelper */,
			);
		};
/* End PBXProject section */

/* Begin PBXResourcesBuildPhase section */
		5AF380432FAA15E4001693A0 /* Resources */ = {
			isa = PBXResourcesBuildPhase;
			buildActionMask = 2147483647;
			files = (
				5AB9306A2FAF6F5400EB0EBD /* purge.icon in Resources */,
			);
			runOnlyForDeploymentPostprocessing = 0;
		};
/* End PBXResourcesBuildPhase section */

/* Begin PBXShellScriptBuildPhase section */
		5AB930702FAF6F5500EB0EBE /* Generate Brand Icons */ = {
			isa = PBXShellScriptBuildPhase;
			alwaysOutOfDate = 1;
			buildActionMask = 2147483647;
			files = (
			);
			inputPaths = (
				"$(SRCROOT)/purge/Resources/brand-icon-manifest.json",
				"$(SRCROOT)/scripts/generate-brand-icons.mjs",
			);
			name = "Generate Brand Icons";
			outputPaths = (
				"$(SRCROOT)/purge/Resources/BrandIcons",
			);
			runOnlyForDeploymentPostprocessing = 0;
			shellPath = /bin/sh;
			shellScript = "if command -v node >/dev/null 2>&1 && [ -f \"$SRCROOT/package.json\" ]; then\n  cd \"$SRCROOT\" && npm run generate:icons 2>/dev/null || echo \"warning: brand icon generation skipped\"\nfi\n";
		};
/* End PBXShellScriptBuildPhase section */

/* Begin PBXSourcesBuildPhase section */
		5AF380412FAA15E4001693A0 /* Sources */ = {
			isa = PBXSourcesBuildPhase;
			buildActionMask = 2147483647;
			files = (
			);
			runOnlyForDeploymentPostprocessing = 0;
		};
		5AF381032FAA15E4001693A0 /* Sources */ = {
			isa = PBXSourcesBuildPhase;
			buildActionMask = 2147483647;
			files = (
			);
			runOnlyForDeploymentPostprocessing = 0;
		};
		A99599464223435BBF6D6F10 /* Sources */ = {
			isa = PBXSourcesBuildPhase;
			buildActionMask = 2147483647;
			files = (
				7F6476365B8C1DBD1473E899 /* main.swift in Sources */,
				2D0A09B2DECC5CEE05BE564A /* HelperListenerDelegate.swift in Sources */,
				50A1F20DF87D12D3DF8F7DF5 /* HelperService.swift in Sources */,
				82ABE8E4B27CCE67F4AF5EA2 /* PurgeHelperProtocol.swift in Sources */,
			);
			runOnlyForDeploymentPostprocessing = 0;
		};
/* End PBXSourcesBuildPhase section */

/* Begin PBXTargetDependency section */
		5AF381052FAA15E4001693A0 /* PBXTargetDependency */ = {
			isa = PBXTargetDependency;
			target = 5AF380442FAA15E4001693A0 /* purge */;
			targetProxy = 5AF381062FAA15E4001693A0 /* PBXContainerItemProxy */;
		};
		983EE170A01ED85E13C896A9 /* PBXTargetDependency */ = {
			isa = PBXTargetDependency;
			name = PurgeHelper;
			target = 6647C3899C82D58912C86622 /* PurgeHelper */;
			targetProxy = BEC6A906754B93D2333C86AB /* PBXContainerItemProxy */;
		};
/* End PBXTargetDependency section */

/* Begin XCBuildConfiguration section */
		5AF3804E2FAA15E6001693A0 /* Debug */ = {
			isa = XCBuildConfiguration;
			buildSettings = {
				ALWAYS_SEARCH_USER_PATHS = NO;
				ASSETCATALOG_COMPILER_GENERATE_SWIFT_ASSET_SYMBOL_EXTENSIONS = YES;
				CLANG_ANALYZER_NONNULL = YES;
				CLANG_ANALYZER_NUMBER_OBJECT_CONVERSION = YES_AGGRESSIVE;
				CLANG_CXX_LANGUAGE_STANDARD = "gnu++20";
				CLANG_ENABLE_MODULES = YES;
				CLANG_ENABLE_OBJC_ARC = YES;
				CLANG_ENABLE_OBJC_WEAK = YES;
				CLANG_WARN_BLOCK_CAPTURE_AUTORELEASING = YES;
				CLANG_WARN_BOOL_CONVERSION = YES;
				CLANG_WARN_COMMA = YES;
				CLANG_WARN_CONSTANT_CONVERSION = YES;
				CLANG_WARN_DEPRECATED_OBJC_IMPLEMENTATIONS = YES;
				CLANG_WARN_DIRECT_OBJC_ISA_USAGE = YES_ERROR;
				CLANG_WARN_DOCUMENTATION_COMMENTS = YES;
				CLANG_WARN_EMPTY_BODY = YES;
				CLANG_WARN_ENUM_CONVERSION = YES;
				CLANG_WARN_INFINITE_RECURSION = YES;
				CLANG_WARN_INT_CONVERSION = YES;
				CLANG_WARN_NON_LITERAL_NULL_CONVERSION = YES;
				CLANG_WARN_OBJC_IMPLICIT_RETAIN_SELF = YES;
				CLANG_WARN_OBJC_LITERAL_CONVERSION = YES;
				CLANG_WARN_OBJC_ROOT_CLASS = YES_ERROR;
				CLANG_WARN_QUOTED_INCLUDE_IN_FRAMEWORK_HEADER = YES;
				CLANG_WARN_RANGE_LOOP_ANALYSIS = YES;
				CLANG_WARN_STRICT_PROTOTYPES = YES;
				CLANG_WARN_SUSPICIOUS_MOVE = YES;
				CLANG_WARN_UNGUARDED_AVAILABILITY = YES_AGGRESSIVE;
				CLANG_WARN_UNREACHABLE_CODE = YES;
				CLANG_WARN__DUPLICATE_METHOD_MATCH = YES;
				COPY_PHASE_STRIP = NO;
				DEBUG_INFORMATION_FORMAT = dwarf;
				DEVELOPMENT_TEAM = BX83ZBV95B;
				ENABLE_STRICT_OBJC_MSGSEND = YES;
				ENABLE_TESTABILITY = YES;
				ENABLE_USER_SCRIPT_SANDBOXING = YES;
				GCC_C_LANGUAGE_STANDARD = gnu17;
				GCC_DYNAMIC_NO_PIC = NO;
				GCC_NO_COMMON_BLOCKS = YES;
				GCC_OPTIMIZATION_LEVEL = 0;
				GCC_PREPROCESSOR_DEFINITIONS = (
					"DEBUG=1",
					"$(inherited)",
				);
				GCC_WARN_64_TO_32_BIT_CONVERSION = YES;
				GCC_WARN_ABOUT_RETURN_TYPE = YES_ERROR;
				GCC_WARN_UNDECLARED_SELECTOR = YES;
				GCC_WARN_UNINITIALIZED_AUTOS = YES_AGGRESSIVE;
				GCC_WARN_UNUSED_FUNCTION = YES;
				GCC_WARN_UNUSED_VARIABLE = YES;
				LOCALIZATION_PREFERS_STRING_CATALOGS = YES;
				MACOSX_DEPLOYMENT_TARGET = 13.0;
				MTL_ENABLE_DEBUG_INFO = INCLUDE_SOURCE;
				MTL_FAST_MATH = YES;
				ONLY_ACTIVE_ARCH = YES;
				SDKROOT = macosx;
				SWIFT_ACTIVE_COMPILATION_CONDITIONS = "DEBUG $(inherited)";
				SWIFT_OPTIMIZATION_LEVEL = "-Onone";
			};
			name = Debug;
		};
		5AF3804F2FAA15E6001693A0 /* Release */ = {
			isa = XCBuildConfiguration;
			buildSettings = {
				ALWAYS_SEARCH_USER_PATHS = NO;
				ASSETCATALOG_COMPILER_GENERATE_SWIFT_ASSET_SYMBOL_EXTENSIONS = YES;
				CLANG_ANALYZER_NONNULL = YES;
				CLANG_ANALYZER_NUMBER_OBJECT_CONVERSION = YES_AGGRESSIVE;
				CLANG_CXX_LANGUAGE_STANDARD = "gnu++20";
				CLANG_ENABLE_MODULES = YES;
				CLANG_ENABLE_OBJC_ARC = YES;
				CLANG_ENABLE_OBJC_WEAK = YES;
				CLANG_WARN_BLOCK_CAPTURE_AUTORELEASING = YES;
				CLANG_WARN_BOOL_CONVERSION = YES;
				CLANG_WARN_COMMA = YES;
				CLANG_WARN_CONSTANT_CONVERSION = YES;
				CLANG_WARN_DEPRECATED_OBJC_IMPLEMENTATIONS = YES;
				CLANG_WARN_DIRECT_OBJC_ISA_USAGE = YES_ERROR;
				CLANG_WARN_DOCUMENTATION_COMMENTS = YES;
				CLANG_WARN_EMPTY_BODY = YES;
				CLANG_WARN_ENUM_CONVERSION = YES;
				CLANG_WARN_INFINITE_RECURSION = YES;
				CLANG_WARN_INT_CONVERSION = YES;
				CLANG_WARN_NON_LITERAL_NULL_CONVERSION = YES;
				CLANG_WARN_OBJC_IMPLICIT_RETAIN_SELF = YES;
				CLANG_WARN_OBJC_LITERAL_CONVERSION = YES;
				CLANG_WARN_OBJC_ROOT_CLASS = YES_ERROR;
				CLANG_WARN_QUOTED_INCLUDE_IN_FRAMEWORK_HEADER = YES;
				CLANG_WARN_RANGE_LOOP_ANALYSIS = YES;
				CLANG_WARN_STRICT_PROTOTYPES = YES;
				CLANG_WARN_SUSPICIOUS_MOVE = YES;
				CLANG_WARN_UNGUARDED_AVAILABILITY = YES_AGGRESSIVE;
				CLANG_WARN_UNREACHABLE_CODE = YES;
				CLANG_WARN__DUPLICATE_METHOD_MATCH = YES;
				COPY_PHASE_STRIP = NO;
				DEBUG_INFORMATION_FORMAT = "dwarf-with-dsym";
				DEVELOPMENT_TEAM = BX83ZBV95B;
				ENABLE_NS_ASSERTIONS = NO;
				ENABLE_STRICT_OBJC_MSGSEND = YES;
				ENABLE_USER_SCRIPT_SANDBOXING = YES;
				GCC_C_LANGUAGE_STANDARD = gnu17;
				GCC_NO_COMMON_BLOCKS = YES;
				GCC_WARN_64_TO_32_BIT_CONVERSION = YES;
				GCC_WARN_ABOUT_RETURN_TYPE = YES_ERROR;
				GCC_WARN_UNDECLARED_SELECTOR = YES;
				GCC_WARN_UNINITIALIZED_AUTOS = YES_AGGRESSIVE;
				GCC_WARN_UNUSED_FUNCTION = YES;
				GCC_WARN_UNUSED_VARIABLE = YES;
				LOCALIZATION_PREFERS_STRING_CATALOGS = YES;
				MACOSX_DEPLOYMENT_TARGET = 13.0;
				MTL_ENABLE_DEBUG_INFO = NO;
				MTL_FAST_MATH = YES;
				SDKROOT = macosx;
				SWIFT_COMPILATION_MODE = wholemodule;
			};
			name = Release;
		};
		5AF380512FAA15E6001693A0 /* Debug */ = {
			isa = XCBuildConfiguration;
			buildSettings = {
				ASSETCATALOG_COMPILER_APPICON_NAME = purge;
				ASSETCATALOG_COMPILER_GLOBAL_ACCENT_COLOR_NAME = AccentColor;
				ASSETCATALOG_COMPILER_INCLUDE_ALL_APPICON_ASSETS = YES;
				AUTOMATION_APPLE_EVENTS = NO;
				"CODE_SIGN_IDENTITY[sdk=macosx*]" = "Developer ID Application";
				CODE_SIGN_STYLE = Manual;
				COMBINE_HIDPI_IMAGES = YES;
				CURRENT_PROJECT_VERSION = 21;
				DEVELOPMENT_TEAM = "";
				"DEVELOPMENT_TEAM[sdk=macosx*]" = BX83ZBV95B;
				ENABLE_APP_SANDBOX = NO;
				ENABLE_HARDENED_RUNTIME = YES;
				ENABLE_PREVIEWS = YES;
				ENABLE_RESOURCE_ACCESS_AUDIO_INPUT = NO;
				ENABLE_RESOURCE_ACCESS_CALENDARS = NO;
				ENABLE_RESOURCE_ACCESS_CAMERA = NO;
				ENABLE_RESOURCE_ACCESS_CONTACTS = NO;
				ENABLE_RESOURCE_ACCESS_LOCATION = NO;
				ENABLE_RESOURCE_ACCESS_PHOTO_LIBRARY = NO;
				ENABLE_USER_SELECTED_FILES = readonly;
				GENERATE_INFOPLIST_FILE = YES;
				INFOPLIST_FILE = purge/Info.plist;
				INFOPLIST_KEY_CFBundleDisplayName = Purge;
				INFOPLIST_KEY_CFBundleName = Purge;
				INFOPLIST_KEY_NSHumanReadableCopyright = "";
				LD_RUNPATH_SEARCH_PATHS = (
					"$(inherited)",
					"@executable_path/../Frameworks",
				);
				MARKETING_VERSION = 1.5.1;
				PRODUCT_BUNDLE_IDENTIFIER = io.getpurge.app;
				PRODUCT_NAME = Purge;
				PROVISIONING_PROFILE_SPECIFIER = "";
				REGISTER_APP_GROUPS = YES;
				RUNTIME_EXCEPTION_ALLOW_DYLD_ENVIRONMENT_VARIABLES = NO;
				RUNTIME_EXCEPTION_ALLOW_JIT = NO;
				RUNTIME_EXCEPTION_ALLOW_UNSIGNED_EXECUTABLE_MEMORY = NO;
				RUNTIME_EXCEPTION_DEBUGGING_TOOL = NO;
				RUNTIME_EXCEPTION_DISABLE_EXECUTABLE_PAGE_PROTECTION = NO;
				RUNTIME_EXCEPTION_DISABLE_LIBRARY_VALIDATION = NO;
				STRING_CATALOG_GENERATE_SYMBOLS = YES;
				SWIFT_APPROACHABLE_CONCURRENCY = YES;
				SWIFT_DEFAULT_ACTOR_ISOLATION = MainActor;
				SWIFT_EMIT_LOC_STRINGS = YES;
				SWIFT_UPCOMING_FEATURE_MEMBER_IMPORT_VISIBILITY = YES;
				SWIFT_VERSION = 5.0;
			};
			name = Debug;
		};
		5AF380522FAA15E6001693A0 /* Release */ = {
			isa = XCBuildConfiguration;
			buildSettings = {
				ASSETCATALOG_COMPILER_APPICON_NAME = purge;
				ASSETCATALOG_COMPILER_GLOBAL_ACCENT_COLOR_NAME = AccentColor;
				ASSETCATALOG_COMPILER_INCLUDE_ALL_APPICON_ASSETS = YES;
				AUTOMATION_APPLE_EVENTS = NO;
				"CODE_SIGN_IDENTITY[sdk=macosx*]" = "Developer ID Application";
				CODE_SIGN_STYLE = Manual;
				COMBINE_HIDPI_IMAGES = YES;
				CURRENT_PROJECT_VERSION = 21;
				DEVELOPMENT_TEAM = "";
				"DEVELOPMENT_TEAM[sdk=macosx*]" = BX83ZBV95B;
				ENABLE_APP_SANDBOX = NO;
				ENABLE_HARDENED_RUNTIME = YES;
				ENABLE_PREVIEWS = YES;
				ENABLE_RESOURCE_ACCESS_AUDIO_INPUT = NO;
				ENABLE_RESOURCE_ACCESS_CALENDARS = NO;
				ENABLE_RESOURCE_ACCESS_CAMERA = NO;
				ENABLE_RESOURCE_ACCESS_CONTACTS = NO;
				ENABLE_RESOURCE_ACCESS_LOCATION = NO;
				ENABLE_RESOURCE_ACCESS_PHOTO_LIBRARY = NO;
				ENABLE_USER_SELECTED_FILES = readonly;
				GENERATE_INFOPLIST_FILE = YES;
				INFOPLIST_FILE = purge/Info.plist;
				INFOPLIST_KEY_CFBundleDisplayName = Purge;
				INFOPLIST_KEY_CFBundleName = Purge;
				INFOPLIST_KEY_NSHumanReadableCopyright = "";
				LD_RUNPATH_SEARCH_PATHS = (
					"$(inherited)",
					"@executable_path/../Frameworks",
				);
				MARKETING_VERSION = 1.5.1;
				PRODUCT_BUNDLE_IDENTIFIER = io.getpurge.app;
				PRODUCT_NAME = Purge;
				PROVISIONING_PROFILE_SPECIFIER = "";
				REGISTER_APP_GROUPS = YES;
				RUNTIME_EXCEPTION_ALLOW_DYLD_ENVIRONMENT_VARIABLES = NO;
				RUNTIME_EXCEPTION_ALLOW_JIT = NO;
				RUNTIME_EXCEPTION_ALLOW_UNSIGNED_EXECUTABLE_MEMORY = NO;
				RUNTIME_EXCEPTION_DEBUGGING_TOOL = NO;
				RUNTIME_EXCEPTION_DISABLE_EXECUTABLE_PAGE_PROTECTION = NO;
				RUNTIME_EXCEPTION_DISABLE_LIBRARY_VALIDATION = NO;
				STRING_CATALOG_GENERATE_SYMBOLS = YES;
				SWIFT_APPROACHABLE_CONCURRENCY = YES;
				SWIFT_DEFAULT_ACTOR_ISOLATION = MainActor;
				SWIFT_EMIT_LOC_STRINGS = YES;
				SWIFT_UPCOMING_FEATURE_MEMBER_IMPORT_VISIBILITY = YES;
				SWIFT_VERSION = 5.0;
			};
			name = Release;
		};
		5AF381072FAA15E6001693A0 /* Debug */ = {
			isa = XCBuildConfiguration;
			buildSettings = {
				BUNDLE_LOADER = "$(TEST_HOST)";
				CODE_SIGN_STYLE = Automatic;
				CURRENT_PROJECT_VERSION = 1;
				DEVELOPMENT_TEAM = BX83ZBV95B;
				ENABLE_TESTING_SEARCH_PATHS = YES;
				GENERATE_INFOPLIST_FILE = YES;
				LD_RUNPATH_SEARCH_PATHS = (
					"$(inherited)",
					"@executable_path/../Frameworks",
					"@loader_path/../Frameworks",
				);
				MACOSX_DEPLOYMENT_TARGET = 13.0;
				MARKETING_VERSION = 1.0;
				PRODUCT_BUNDLE_IDENTIFIER = io.getpurge.app.PurgeTests;
				PRODUCT_NAME = "$(TARGET_NAME)";
				SWIFT_APPROACHABLE_CONCURRENCY = YES;
				SWIFT_EMIT_LOC_STRINGS = NO;
				SWIFT_UPCOMING_FEATURE_MEMBER_IMPORT_VISIBILITY = YES;
				SWIFT_VERSION = 5.0;
				TEST_HOST = "$(BUILT_PRODUCTS_DIR)/Purge.app/Contents/MacOS/Purge";
			};
			name = Debug;
		};
		5AF381082FAA15E6001693A0 /* Release */ = {
			isa = XCBuildConfiguration;
			buildSettings = {
				BUNDLE_LOADER = "$(TEST_HOST)";
				CODE_SIGN_STYLE = Automatic;
				CURRENT_PROJECT_VERSION = 1;
				DEVELOPMENT_TEAM = BX83ZBV95B;
				ENABLE_TESTING_SEARCH_PATHS = YES;
				GENERATE_INFOPLIST_FILE = YES;
				LD_RUNPATH_SEARCH_PATHS = (
					"$(inherited)",
					"@executable_path/../Frameworks",
					"@loader_path/../Frameworks",
				);
				MACOSX_DEPLOYMENT_TARGET = 13.0;
				MARKETING_VERSION = 1.0;
				PRODUCT_BUNDLE_IDENTIFIER = io.getpurge.app.PurgeTests;
				PRODUCT_NAME = "$(TARGET_NAME)";
				SWIFT_APPROACHABLE_CONCURRENCY = YES;
				SWIFT_EMIT_LOC_STRINGS = NO;
				SWIFT_UPCOMING_FEATURE_MEMBER_IMPORT_VISIBILITY = YES;
				SWIFT_VERSION = 5.0;
				TEST_HOST = "$(BUILT_PRODUCTS_DIR)/Purge.app/Contents/MacOS/Purge";
			};
			name = Release;
		};
		AB0583FE69D60244D63BD842 /* Debug */ = {
			isa = XCBuildConfiguration;
			buildSettings = {
				"CODE_SIGN_IDENTITY[sdk=macosx*]" = "Developer ID Application";
				CODE_SIGN_STYLE = Manual;
				CREATE_INFOPLIST_SECTION_IN_BINARY = YES;
				DEVELOPMENT_TEAM = "";
				"DEVELOPMENT_TEAM[sdk=macosx*]" = BX83ZBV95B;
				ENABLE_HARDENED_RUNTIME = YES;
				GENERATE_INFOPLIST_FILE = NO;
				INFOPLIST_FILE = PurgeHelper/Info.plist;
				LD_RUNPATH_SEARCH_PATHS = "$(inherited)";
				MACOSX_DEPLOYMENT_TARGET = 13.0;
				PRODUCT_BUNDLE_IDENTIFIER = io.getpurge.helper;
				PRODUCT_NAME = io.getpurge.helper;
				SDKROOT = macosx;
				SKIP_INSTALL = YES;
				SWIFT_APPROACHABLE_CONCURRENCY = YES;
				SWIFT_VERSION = 5.0;
			};
			name = Debug;
		};
		DB22D42D36AB51574D283C9A /* Release */ = {
			isa = XCBuildConfiguration;
			buildSettings = {
				"CODE_SIGN_IDENTITY[sdk=macosx*]" = "Developer ID Application";
				CODE_SIGN_STYLE = Manual;
				CREATE_INFOPLIST_SECTION_IN_BINARY = YES;
				DEVELOPMENT_TEAM = "";
				"DEVELOPMENT_TEAM[sdk=macosx*]" = BX83ZBV95B;
				ENABLE_HARDENED_RUNTIME = YES;
				GENERATE_INFOPLIST_FILE = NO;
				INFOPLIST_FILE = PurgeHelper/Info.plist;
				LD_RUNPATH_SEARCH_PATHS = "$(inherited)";
				MACOSX_DEPLOYMENT_TARGET = 13.0;
				PRODUCT_BUNDLE_IDENTIFIER = io.getpurge.helper;
				PRODUCT_NAME = io.getpurge.helper;
				SDKROOT = macosx;
				SKIP_INSTALL = YES;
				SWIFT_APPROACHABLE_CONCURRENCY = YES;
				SWIFT_VERSION = 5.0;
			};
			name = Release;
		};
/* End XCBuildConfiguration section */

/* Begin XCConfigurationList section */
		2BFFB10DE3A8216988FD9E1B /* Build configuration list for PBXNativeTarget "PurgeHelper" */ = {
			isa = XCConfigurationList;
			buildConfigurations = (
				DB22D42D36AB51574D283C9A /* Release */,
				AB0583FE69D60244D63BD842 /* Debug */,
			);
			defaultConfigurationIsVisible = 0;
			defaultConfigurationName = Release;
		};
		5AF380402FAA15E4001693A0 /* Build configuration list for PBXProject "purge" */ = {
			isa = XCConfigurationList;
			buildConfigurations = (
				5AF3804E2FAA15E6001693A0 /* Debug */,
				5AF3804F2FAA15E6001693A0 /* Release */,
			);
			defaultConfigurationIsVisible = 0;
			defaultConfigurationName = Release;
		};
		5AF380502FAA15E6001693A0 /* Build configuration list for PBXNativeTarget "purge" */ = {
			isa = XCConfigurationList;
			buildConfigurations = (
				5AF380512FAA15E6001693A0 /* Debug */,
				5AF380522FAA15E6001693A0 /* Release */,
			);
			defaultConfigurationIsVisible = 0;
			defaultConfigurationName = Release;
		};
		5AF381092FAA15E6001693A0 /* Build configuration list for PBXNativeTarget "PurgeTests" */ = {
			isa = XCConfigurationList;
			buildConfigurations = (
				5AF381072FAA15E6001693A0 /* Debug */,
				5AF381082FAA15E6001693A0 /* Release */,
			);
			defaultConfigurationIsVisible = 0;
			defaultConfigurationName = Release;
		};
/* End XCConfigurationList section */

/* Begin XCRemoteSwiftPackageReference section */
		5AD314EC2FFB1DB500AEB32F /* XCRemoteSwiftPackageReference "Sparkle" */ = {
			isa = XCRemoteSwiftPackageReference;
			repositoryURL = "https://github.com/sparkle-project/Sparkle";
			requirement = {
				kind = upToNextMajorVersion;
				minimumVersion = 2.9.4;
			};
		};
/* End XCRemoteSwiftPackageReference section */

/* Begin XCSwiftPackageProductDependency section */
		5AD314ED2FFB1DB500AEB32F /* Sparkle */ = {
			isa = XCSwiftPackageProductDependency;
			package = 5AD314EC2FFB1DB500AEB32F /* XCRemoteSwiftPackageReference "Sparkle" */;
			productName = Sparkle;
		};
/* End XCSwiftPackageProductDependency section */
	};
	rootObject = 5AF3803D2FAA15E4001693A0 /* Project object */;
}
